
Microsoft Visual Studio Solution File, Format Version 12.00
# Visual Studio 15
VisualStudioVersion = 15.0.26403.0
MinimumVisualStudioVersion = 10.0.40219.1
Project("{FAE04EC0-301F-11D3-BF4B-00C04F79EFBC}") = "MacroTrackr", "MacroTrackr\MacroTrackr.csproj", "{E80283BA-1F7B-44CA-9892-17067079BBA6}"
EndProject
Project("{FAE04EC0-301F-11D3-BF4B-00C04F79EFBC}") = "MacroTrackr.Tests", "MacroTrackr.Tests\MacroTrackr.Tests.csproj", "{652FB920-5BED-467C-98B9-E64A404ED084}"
EndProject
Global
	GlobalSection(SolutionConfigurationPlatforms) = preSolution
		Debug|Any CPU = Debug|Any CPU
		Release|Any CPU = Release|Any CPU
	EndGlobalSection
	GlobalSection(ProjectConfigurationPlatforms) = postSolution
		{E80283BA-1F7B-44CA-9892-17067079BBA6}.Debug|Any CPU.ActiveCfg = Debug|Any CPU
		{E80283BA-1F7B-44CA-9892-17067079BBA6}.Debug|Any CPU.Build.0 = Debug|Any CPU
		{E80283BA-1F7B-44CA-9892-17067079BBA6}.Release|Any CPU.ActiveCfg = Release|Any CPU
		{E80283BA-1F7B-44CA-9892-17067079BBA6}.Release|Any CPU.Build.0 = Release|Any CPU
		{652FB920-5BED-467C-98B9-E64A404ED084}.Debug|Any CPU.ActiveCfg = Debug|Any CPU
		{652FB920-5BED-467C-98B9-E64A404ED084}.Debug|Any CPU.Build.0 = Debug|Any CPU
		{652FB920-5BED-467C-98B9-E64A404ED084}.Release|Any CPU.ActiveCfg = Release|Any CPU
		{652FB920-5BED-467C-98B9-E64A404ED084}.Release|Any CPU.Build.0 = Release|Any CPU
	EndGlobalSection
	GlobalSection(SolutionProperties) = preSolution
		HideSolutionNode = FALSE
	EndGlobalSection
EndGlobal
